
Microsoft Visual Studio Solution File, Format Version 12.00
# Visual Studio Version 17
VisualStudioVersion = 17.7.34003.232
MinimumVisualStudioVersion = 10.0.40219.1
Project("{FAE04EC0-301F-11D3-BF4B-00C04F79EFBC}") = "PatientManagement", "PatientManagement\PatientManagement.csproj", "{021C03E0-64FC-44A5-AC0A-FBD6E3B40034}"
EndProject
Project("{FAE04EC0-301F-11D3-BF4B-00C04F79EFBC}") = "PatientManagement.Data", "PatientManagement.Data\PatientManagement.Data.csproj", "{5724E071-13F6-4811-B278-565D50D270FD}"
EndProject
Project("{FAE04EC0-301F-11D3-BF4B-00C04F79EFBC}") = "PatientManagement.BusinessLayer", "PatientManagement.BusinessLayer\PatientManagement.BusinessLayer.csproj", "{DE325E50-1661-4398-AEE7-00B634F44AC0}"
EndProject
Global
	GlobalSection(SolutionConfigurationPlatforms) = preSolution
		Debug|Any CPU = Debug|Any CPU
		Release|Any CPU = Release|Any CPU
	EndGlobalSection
	GlobalSection(ProjectConfigurationPlatforms) = postSolution
		{021C03E0-64FC-44A5-AC0A-FBD6E3B40034}.Debug|Any CPU.ActiveCfg = Debug|Any CPU
		{021C03E0-64FC-44A5-AC0A-FBD6E3B40034}.Debug|Any CPU.Build.0 = Debug|Any CPU
		{021C03E0-64FC-44A5-AC0A-FBD6E3B40034}.Release|Any CPU.ActiveCfg = Release|Any CPU
		{021C03E0-64FC-44A5-AC0A-FBD6E3B40034}.Release|Any CPU.Build.0 = Release|Any CPU
		{5724E071-13F6-4811-B278-565D50D270FD}.Debug|Any CPU.ActiveCfg = Debug|Any CPU
		{5724E071-13F6-4811-B278-565D50D270FD}.Debug|Any CPU.Build.0 = Debug|Any CPU
		{5724E071-13F6-4811-B278-565D50D270FD}.Release|Any CPU.ActiveCfg = Release|Any CPU
		{5724E071-13F6-4811-B278-565D50D270FD}.Release|Any CPU.Build.0 = Release|Any CPU
		{DE325E50-1661-4398-AEE7-00B634F44AC0}.Debug|Any CPU.ActiveCfg = Debug|Any CPU
		{DE325E50-1661-4398-AEE7-00B634F44AC0}.Debug|Any CPU.Build.0 = Debug|Any CPU
		{DE325E50-1661-4398-AEE7-00B634F44AC0}.Release|Any CPU.ActiveCfg = Release|Any CPU
		{DE325E50-1661-4398-AEE7-00B634F44AC0}.Release|Any CPU.Build.0 = Release|Any CPU
	EndGlobalSection
	GlobalSection(SolutionProperties) = preSolution
		HideSolutionNode = FALSE
	EndGlobalSection
	GlobalSection(ExtensibilityGlobals) = postSolution
		SolutionGuid = {EAECFE6B-7EE3-425D-AADD-75B3AEFC1461}
	EndGlobalSection
EndGlobal
